# THIS IS AN AUTOGENERATED FILE. DO NOT EDIT THIS FILE DIRECTLY.
# yarn lockfile v1


x12-parser@^1.0.2:
  version "1.0.2"
  resolved "https://registry.yarnpkg.com/x12-parser/-/x12-parser-1.0.2.tgz#cbbfaee777faa959233ee36ff7288b713fc12476"
  integrity sha512-4ue8ZTBBMFlynBJHoziP5Nn8KNfga7VkFl4133cc5uwpgjrqZHkUbs9ladKmA75VZYPA9UuS7w7VWqcEKM/KTQ==
